
Microsoft Visual Studio Solution File, Format Version 12.00
# Visual Studio 15
VisualStudioVersion = 15.0.28307.539
MinimumVisualStudioVersion = 10.0.40219.1
Project("{2150E333-8FDC-42A3-9474-1A3956D46DE8}") = "API", "API", "{65BEC160-7F53-4F2C-96CD-FE2B90CD4B4E}"
EndProject
Project("{2150E333-8FDC-42A3-9474-1A3956D46DE8}") = "Web", "Web", "{C2F4D8D8-001E-42B5-B815-44FA3A2371D2}"
EndProject
Project("{2150E333-8FDC-42A3-9474-1A3956D46DE8}") = "Common", "Common", "{E228C179-97FC-4755-9731-D9B43AEACB48}"
EndProject
Project("{2150E333-8FDC-42A3-9474-1A3956D46DE8}") = "Domain", "Domain", "{6689BDB0-3D1B-4551-96EF-8F773B9F1077}"
EndProject
Project("{2150E333-8FDC-42A3-9474-1A3956D46DE8}") = "Test", "Test", "{C172924A-302A-427F-AC90-97A520A98433}"
EndProject
Project("{2150E333-8FDC-42A3-9474-1A3956D46DE8}") = "Data", "Data", "{50FB1152-808E-4C3E-B20F-4EFCF673E4C1}"
EndProject
Project("{FAE04EC0-301F-11D3-BF4B-00C04F79EFBC}") = "Employees.DAO", "Employees.DAO\Employees.DAO.csproj", "{83A2D7D9-3847-4027-BCBF-3E1CF182003E}"
EndProject
Project("{FAE04EC0-301F-11D3-BF4B-00C04F79EFBC}") = "Employees.TO", "Employees.TO\Employees.TO.csproj", "{029B5698-4120-438A-98D5-1CFBEA4B52E0}"
EndProject
Project("{FAE04EC0-301F-11D3-BF4B-00C04F79EFBC}") = "Employees.Core", "Employees.Core\Employees.Core.csproj", "{74E4CDEF-4929-4903-AB4D-61D8F2474D0E}"
EndProject
Project("{FAE04EC0-301F-11D3-BF4B-00C04F79EFBC}") = "Employees.Core.Test", "Employees.Core.Test\Employees.Core.Test.csproj", "{4A2FEC5B-3D19-4BFF-BB63-048B8123CDAE}"
EndProject
Project("{FAE04EC0-301F-11D3-BF4B-00C04F79EFBC}") = "Employees.API", "Employes.API\Employees.API.csproj", "{EB69875B-49B7-4F87-BC98-115FC614B14A}"
EndProject
Project("{FAE04EC0-301F-11D3-BF4B-00C04F79EFBC}") = "Employees.Common", "Employees.Common\Employees.Common.csproj", "{3242307E-4D71-40C4-9C26-9EEECBE4B259}"
EndProject
Project("{FAE04EC0-301F-11D3-BF4B-00C04F79EFBC}") = "Employees.Resources", "Employees.Resources\Employees.Resources.csproj", "{4A7AE31A-FF3A-4592-9159-DE39E9AB867E}"
EndProject
Project("{FAE04EC0-301F-11D3-BF4B-00C04F79EFBC}") = "Employees.Web", "Employees.Web\Employees.Web.csproj", "{A48D3697-DA67-4374-A566-30FBDC7403E1}"
EndProject
Global
	GlobalSection(SolutionConfigurationPlatforms) = preSolution
		Debug|Any CPU = Debug|Any CPU
		Release|Any CPU = Release|Any CPU
	EndGlobalSection
	GlobalSection(ProjectConfigurationPlatforms) = postSolution
		{83A2D7D9-3847-4027-BCBF-3E1CF182003E}.Debug|Any CPU.ActiveCfg = Debug|Any CPU
		{83A2D7D9-3847-4027-BCBF-3E1CF182003E}.Debug|Any CPU.Build.0 = Debug|Any CPU
		{83A2D7D9-3847-4027-BCBF-3E1CF182003E}.Release|Any CPU.ActiveCfg = Release|Any CPU
		{83A2D7D9-3847-4027-BCBF-3E1CF182003E}.Release|Any CPU.Build.0 = Release|Any CPU
		{029B5698-4120-438A-98D5-1CFBEA4B52E0}.Debug|Any CPU.ActiveCfg = Debug|Any CPU
		{029B5698-4120-438A-98D5-1CFBEA4B52E0}.Debug|Any CPU.Build.0 = Debug|Any CPU
		{029B5698-4120-438A-98D5-1CFBEA4B52E0}.Release|Any CPU.ActiveCfg = Release|Any CPU
		{029B5698-4120-438A-98D5-1CFBEA4B52E0}.Release|Any CPU.Build.0 = Release|Any CPU
		{74E4CDEF-4929-4903-AB4D-61D8F2474D0E}.Debug|Any CPU.ActiveCfg = Debug|Any CPU
		{74E4CDEF-4929-4903-AB4D-61D8F2474D0E}.Debug|Any CPU.Build.0 = Debug|Any CPU
		{74E4CDEF-4929-4903-AB4D-61D8F2474D0E}.Release|Any CPU.ActiveCfg = Release|Any CPU
		{74E4CDEF-4929-4903-AB4D-61D8F2474D0E}.Release|Any CPU.Build.0 = Release|Any CPU
		{4A2FEC5B-3D19-4BFF-BB63-048B8123CDAE}.Debug|Any CPU.ActiveCfg = Debug|Any CPU
		{4A2FEC5B-3D19-4BFF-BB63-048B8123CDAE}.Debug|Any CPU.Build.0 = Debug|Any CPU
		{4A2FEC5B-3D19-4BFF-BB63-048B8123CDAE}.Release|Any CPU.ActiveCfg = Release|Any CPU
		{4A2FEC5B-3D19-4BFF-BB63-048B8123CDAE}.Release|Any CPU.Build.0 = Release|Any CPU
		{EB69875B-49B7-4F87-BC98-115FC614B14A}.Debug|Any CPU.ActiveCfg = Debug|Any CPU
		{EB69875B-49B7-4F87-BC98-115FC614B14A}.Debug|Any CPU.Build.0 = Debug|Any CPU
		{EB69875B-49B7-4F87-BC98-115FC614B14A}.Release|Any CPU.ActiveCfg = Release|Any CPU
		{EB69875B-49B7-4F87-BC98-115FC614B14A}.Release|Any CPU.Build.0 = Release|Any CPU
		{3242307E-4D71-40C4-9C26-9EEECBE4B259}.Debug|Any CPU.ActiveCfg = Debug|Any CPU
		{3242307E-4D71-40C4-9C26-9EEECBE4B259}.Debug|Any CPU.Build.0 = Debug|Any CPU
		{3242307E-4D71-40C4-9C26-9EEECBE4B259}.Release|Any CPU.ActiveCfg = Release|Any CPU
		{3242307E-4D71-40C4-9C26-9EEECBE4B259}.Release|Any CPU.Build.0 = Release|Any CPU
		{4A7AE31A-FF3A-4592-9159-DE39E9AB867E}.Debug|Any CPU.ActiveCfg = Debug|Any CPU
		{4A7AE31A-FF3A-4592-9159-DE39E9AB867E}.Debug|Any CPU.Build.0 = Debug|Any CPU
		{4A7AE31A-FF3A-4592-9159-DE39E9AB867E}.Release|Any CPU.ActiveCfg = Release|Any CPU
		{4A7AE31A-FF3A-4592-9159-DE39E9AB867E}.Release|Any CPU.Build.0 = Release|Any CPU
		{A48D3697-DA67-4374-A566-30FBDC7403E1}.Debug|Any CPU.ActiveCfg = Debug|Any CPU
		{A48D3697-DA67-4374-A566-30FBDC7403E1}.Debug|Any CPU.Build.0 = Debug|Any CPU
		{A48D3697-DA67-4374-A566-30FBDC7403E1}.Release|Any CPU.ActiveCfg = Release|Any CPU
		{A48D3697-DA67-4374-A566-30FBDC7403E1}.Release|Any CPU.Build.0 = Release|Any CPU
	EndGlobalSection
	GlobalSection(SolutionProperties) = preSolution
		HideSolutionNode = FALSE
	EndGlobalSection
	GlobalSection(NestedProjects) = preSolution
		{83A2D7D9-3847-4027-BCBF-3E1CF182003E} = {50FB1152-808E-4C3E-B20F-4EFCF673E4C1}
		{029B5698-4120-438A-98D5-1CFBEA4B52E0} = {E228C179-97FC-4755-9731-D9B43AEACB48}
		{74E4CDEF-4929-4903-AB4D-61D8F2474D0E} = {6689BDB0-3D1B-4551-96EF-8F773B9F1077}
		{4A2FEC5B-3D19-4BFF-BB63-048B8123CDAE} = {C172924A-302A-427F-AC90-97A520A98433}
		{EB69875B-49B7-4F87-BC98-115FC614B14A} = {65BEC160-7F53-4F2C-96CD-FE2B90CD4B4E}
		{3242307E-4D71-40C4-9C26-9EEECBE4B259} = {E228C179-97FC-4755-9731-D9B43AEACB48}
		{4A7AE31A-FF3A-4592-9159-DE39E9AB867E} = {E228C179-97FC-4755-9731-D9B43AEACB48}
		{A48D3697-DA67-4374-A566-30FBDC7403E1} = {C2F4D8D8-001E-42B5-B815-44FA3A2371D2}
	EndGlobalSection
	GlobalSection(ExtensibilityGlobals) = postSolution
		SolutionGuid = {6F556C90-4F20-48C4-8DFE-FFE600D04434}
	EndGlobalSection
EndGlobal
